
Microsoft Visual Studio Solution File, Format Version 12.00
# Visual Studio Version 16
VisualStudioVersion = 16.0.31402.337
MinimumVisualStudioVersion = 10.0.40219.1
Project("{FAE04EC0-301F-11D3-BF4B-00C04F79EFBC}") = "Sportclub", "Sportclub\Sportclub.csproj", "{515F5585-BE01-465F-90D8-6A2F55D460D5}"
EndProject
Global
	GlobalSection(SolutionConfigurationPlatforms) = preSolution
		Debug|Any CPU = Debug|Any CPU
		Release|Any CPU = Release|Any CPU
	EndGlobalSection
	GlobalSection(ProjectConfigurationPlatforms) = postSolution
		{515F5585-BE01-465F-90D8-6A2F55D460D5}.Debug|Any CPU.ActiveCfg = Debug|Any CPU
		{515F5585-BE01-465F-90D8-6A2F55D460D5}.Debug|Any CPU.Build.0 = Debug|Any CPU
		{515F5585-BE01-465F-90D8-6A2F55D460D5}.Release|Any CPU.ActiveCfg = Release|Any CPU
		{515F5585-BE01-465F-90D8-6A2F55D460D5}.Release|Any CPU.Build.0 = Release|Any CPU
	EndGlobalSection
	GlobalSection(SolutionProperties) = preSolution
		HideSolutionNode = FALSE
	EndGlobalSection
	GlobalSection(ExtensibilityGlobals) = postSolution
		SolutionGuid = {08244299-2DDA-42C0-BE75-DC62DED75EE6}
	EndGlobalSection
EndGlobal
